// !$*UTF8*$!
{
	archiveVersion = 1;
	classes = {
	};
	objectVersion = 46;
	objects = {

/* Begin PBXBuildFile section */
		EB252AD01CE380A500A1A8B5 /* AppDelegate.swift in Sources */ = {isa = PBXBuildFile; fileRef = EB252ACF1CE380A500A1A8B5 /* AppDelegate.swift */; };
		EB252AD21CE380A500A1A8B5 /* ViewController.swift in Sources */ = {isa = PBXBuildFile; fileRef = EB252AD11CE380A500A1A8B5 /* ViewController.swift */; };
		EB252AD51CE380A500A1A8B5 /* Main.storyboard in Resources */ = {isa = PBXBuildFile; fileRef = EB252AD31CE380A500A1A8B5 /* Main.storyboard */; };
		EB252AD71CE380A500A1A8B5 /* Assets.xcassets in Resources */ = {isa = PBXBuildFile; fileRef = EB252AD61CE380A500A1A8B5 /* Assets.xcassets */; };
		EB252ADA1CE380A500A1A8B5 /* LaunchScreen.storyboard in Resources */ = {isa = PBXBuildFile; fileRef = EB252AD81CE380A500A1A8B5 /* LaunchScreen.storyboard */; };
		EB77485D1CE4C7190018BD6C /* Calculator.swift in Sources */ = {isa = PBXBuildFile; fileRef = EB77485C1CE4C7190018BD6C /* Calculator.swift */; settings = {ASSET_TAGS = (); }; };
/* End PBXBuildFile section */

/* Begin PBXFileReference section */
		EB252ACC1CE380A500A1A8B5 /* Calculator.app */ = {isa = PBXFileReference; explicitFileType = wrapper.application; includeInIndex = 0; path = Calculator.app; sourceTree = BUILT_PRODUCTS_DIR; };
		EB252ACF1CE380A500A1A8B5 /* AppDelegate.swift */ = {isa = PBXFileReference; lastKnownFileType = sourcecode.swift; path = AppDelegate.swift; sourceTree = "<group>"; };
		EB252AD11CE380A500A1A8B5 /* ViewController.swift */ = {isa = PBXFileReference; lastKnownFileType = sourcecode.swift; path = ViewController.swift; sourceTree = "<group>"; };
		EB252AD41CE380A500A1A8B5 /* Base */ = {isa = PBXFileReference; lastKnownFileType = file.storyboard; name = Base; path = Base.lproj/Main.storyboard; sourceTree = "<group>"; };
		EB252AD61CE380A500A1A8B5 /* Assets.xcassets */ = {isa = PBXFileReference; lastKnownFileType = folder.assetcatalog; path = Assets.xcassets; sourceTree = "<group>"; };
		EB252AD91CE380A500A1A8B5 /* Base */ = {isa = PBXFileReference; lastKnownFileType = file.storyboard; name = Base; path = Base.lproj/LaunchScreen.storyboard; sourceTree = "<group>"; };
		EB252ADB1CE380A500A1A8B5 /* Info.plist */ = {isa = PBXFileReference; lastKnownFileType = text.plist.xml; path = Info.plist; sourceTree = "<group>"; };
		EB77485C1CE4C7190018BD6C /* Calculator.swift */ = {isa = PBXFileReference; fileEncoding = 4; lastKnownFileType = sourcecode.swift; path = Calculator.swift; sourceTree = "<group>"; };
/* End PBXFileReference section */

/* Begin PBXFrameworksBuildPhase section */
		EB252AC91CE380A500A1A8B5 /* Frameworks */ = {
			isa = PBXFrameworksBuildPhase;
			buildActionMask = 2147483647;
			files = (
			);
			runOnlyForDeploymentPostprocessing = 0;
		};
/* End PBXFrameworksBuildPhase section */

/* Begin PBXGroup section */
		EB252AC31CE380A500A1A8B5 = {
			isa = PBXGroup;
			children = (
				EB252ACE1CE380A500A1A8B5 /* Calculator */,
				EB252ACD1CE380A500A1A8B5 /* Products */,
			);
			sourceTree = "<group>";
		};
		EB252ACD1CE380A500A1A8B5 /* Products */ = {
			isa = PBXGroup;
			children = (
				EB252ACC1CE380A500A1A8B5 /* Calculator.app */,
			);
			name = Products;
			sourceTree = "<group>";
		};
		EB252ACE1CE380A500A1A8B5 /* Calculator */ = {
			isa = PBXGroup;
			children = (
				EB252ACF1CE380A500A1A8B5 /* AppDelegate.swift */,
				EB252AD11CE380A500A1A8B5 /* ViewController.swift */,
				EB252AD31CE380A500A1A8B5 /* Main.storyboard */,
				EB252AD61CE380A500A1A8B5 /* Assets.xcassets */,
				EB252AD81CE380A500A1A8B5 /* LaunchScreen.storyboard */,
				EB252ADB1CE380A500A1A8B5 /* Info.plist */,
				EB77485C1CE4C7190018BD6C /* Calculator.swift */,
			);
			path = Calculator;
			sourceTree = "<group>";
		};
/* End PBXGroup section */

/* Begin PBXNativeTarget section */
		EB252ACB1CE380A500A1A8B5 /* Calculator */ = {
			isa = PBXNativeTarget;
			buildConfigurationList = EB252ADE1CE380A500A1A8B5 /* Build configuration list for PBXNativeTarget "Calculator" */;
			buildPhases = (
				EB252AC81CE380A500A1A8B5 /* Sources */,
				EB252AC91CE380A500A1A8B5 /* Frameworks */,
				EB252ACA1CE380A500A1A8B5 /* Resources */,
			);
			buildRules = (
			);
			dependencies = (
			);
			name = Calculator;
			productName = Calculator;
			productReference = EB252ACC1CE380A500A1A8B5 /* Calculator.app */;
			productType = "com.apple.product-type.application";
		};
/* End PBXNativeTarget section */

/* Begin PBXProject section */
		EB252AC41CE380A500A1A8B5 /* Project object */ = {
			isa = PBXProject;
			attributes = {
				LastUpgradeCheck = 0700;
				ORGANIZATIONNAME = apps.lingren.co;
				TargetAttributes = {
					EB252ACB1CE380A500A1A8B5 = {
						CreatedOnToolsVersion = 7.0;
					};
				};
			};
			buildConfigurationList = EB252AC71CE380A500A1A8B5 /* Build configuration list for PBXProject "Calculator" */;
			compatibilityVersion = "Xcode 3.2";
			developmentRegion = English;
			hasScannedForEncodings = 0;
			knownRegions = (
				en,
				Base,
			);
			mainGroup = EB252AC31CE380A500A1A8B5;
			productRefGroup = EB252ACD1CE380A500A1A8B5 /* Products */;
			projectDirPath = "";
			projectRoot = "";
			targets = (
				EB252ACB1CE380A500A1A8B5 /* Calculator */,
			);
		};
/* End PBXProject section */

/* Begin PBXResourcesBuildPhase section */
		EB252ACA1CE380A500A1A8B5 /* Resources */ = {
			isa = PBXResourcesBuildPhase;
			buildActionMask = 2147483647;
			files = (
				EB252ADA1CE380A500A1A8B5 /* LaunchScreen.storyboard in Resources */,
				EB252AD71CE380A500A1A8B5 /* Assets.xcassets in Resources */,
				EB252AD51CE380A500A1A8B5 /* Main.storyboard in Resources */,
			);
			runOnlyForDeploymentPostprocessing = 0;
		};
/* End PBXResourcesBuildPhase section */

/* Begin PBXSourcesBuildPhase section */
		EB252AC81CE380A500A1A8B5 /* Sources */ = {
			isa = PBXSourcesBuildPhase;
			buildActionMask = 2147483647;
			files = (
				EB252AD21CE380A500A1A8B5 /* ViewController.swift in Sources */,
				EB252AD01CE380A500A1A8B5 /* AppDelegate.swift in Sources */,
				EB77485D1CE4C7190018BD6C /* Calculator.swift in Sources */,
			);
			runOnlyForDeploymentPostprocessing = 0;
		};
/* End PBXSourcesBuildPhase section */

/* Begin PBXVariantGroup section */
		EB252AD31CE380A500A1A8B5 /* Main.storyboard */ = {
			isa = PBXVariantGroup;
			children = (
				EB252AD41CE380A500A1A8B5 /* Base */,
			);
			name = Main.storyboard;
			sourceTree = "<group>";
		};
		EB252AD81CE380A500A1A8B5 /* LaunchScreen.storyboard */ = {
			isa = PBXVariantGroup;
			children = (
				EB252AD91CE380A500A1A8B5 /* Base */,
			);
			name = LaunchScreen.storyboard;
			sourceTree = "<group>";
		};
/* End PBXVariantGroup section */

/* Begin XCBuildConfiguration section */
		EB252ADC1CE380A500A1A8B5 /* Debug */ = {
			isa = XCBuildConfiguration;
			buildSettings = {
				ALWAYS_SEARCH_USER_PATHS = NO;
				CLANG_CXX_LANGUAGE_STANDARD = "gnu++0x";
				CLANG_CXX_LIBRARY = "libc++";
				CLANG_ENABLE_MODULES = YES;
				CLANG_ENABLE_OBJC_ARC = YES;
				CLANG_WARN_BOOL_CONVERSION = YES;
				CLANG_WARN_CONSTANT_CONVERSION = YES;
				CLANG_WARN_DIRECT_OBJC_ISA_USAGE = YES_ERROR;
				CLANG_WARN_EMPTY_BODY = YES;
				CLANG_WARN_ENUM_CONVERSION = YES;
				CLANG_WARN_INT_CONVERSION = YES;
				CLANG_WARN_OBJC_ROOT_CLASS = YES_ERROR;
				CLANG_WARN_UNREACHABLE_CODE = YES;
				CLANG_WARN__DUPLICATE_METHOD_MATCH = YES;
				"CODE_SIGN_IDENTITY[sdk=iphoneos*]" = "iPhone Developer";
				COPY_PHASE_STRIP = NO;
				DEBUG_INFORMATION_FORMAT = dwarf;
				ENABLE_STRICT_OBJC_MSGSEND = YES;
				ENABLE_TESTABILITY = YES;
				GCC_C_LANGUAGE_STANDARD = gnu99;
				GCC_DYNAMIC_NO_PIC = NO;
				GCC_NO_COMMON_BLOCKS = YES;
				GCC_OPTIMIZATION_LEVEL = 0;
				GCC_PREPROCESSOR_DEFINITIONS = (
					"DEBUG=1",
					"$(inherited)",
				);
				GCC_WARN_64_TO_32_BIT_CONVERSION = YES;
				GCC_WARN_ABOUT_RETURN_TYPE = YES_ERROR;
				GCC_WARN_UNDECLARED_SELECTOR = YES;
				GCC_WARN_UNINITIALIZED_AUTOS = YES_AGGRESSIVE;
				GCC_WARN_UNUSED_FUNCTION = YES;
				GCC_WARN_UNUSED_VARIABLE = YES;
				IPHONEOS_DEPLOYMENT_TARGET = 9.0;
				MTL_ENABLE_DEBUG_INFO = YES;
				ONLY_ACTIVE_ARCH = YES;
				SDKROOT = iphoneos;
				SWIFT_OPTIMIZATION_LEVEL = "-Onone";
				TARGETED_DEVICE_FAMILY = "1,2";
			};
			name = Debug;
		};
		EB252ADD1CE380A500A1A8B5 /* Release */ = {
			isa = XCBuildConfiguration;
			buildSettings = {
				ALWAYS_SEARCH_USER_PATHS = NO;
				CLANG_CXX_LANGUAGE_STANDARD = "gnu++0x";
				CLANG_CXX_LIBRARY = "libc++";
				CLANG_ENABLE_MODULES = YES;
				CLANG_ENABLE_OBJC_ARC = YES;
				CLANG_WARN_BOOL_CONVERSION = YES;
				CLANG_WARN_CONSTANT_CONVERSION = YES;
				CLANG_WARN_DIRECT_OBJC_ISA_USAGE = YES_ERROR;
				CLANG_WARN_EMPTY_BODY = YES;
				CLANG_WARN_ENUM_CONVERSION = YES;
				CLANG_WARN_INT_CONVERSION = YES;
				CLANG_WARN_OBJC_ROOT_CLASS = YES_ERROR;
				CLANG_WARN_UNREACHABLE_CODE = YES;
				CLANG_WARN__DUPLICATE_METHOD_MATCH = YES;
				"CODE_SIGN_IDENTITY[sdk=iphoneos*]" = "iPhone Developer";
				COPY_PHASE_STRIP = NO;
				DEBUG_INFORMATION_FORMAT = "dwarf-with-dsym";
				ENABLE_NS_ASSERTIONS = NO;
				ENABLE_STRICT_OBJC_MSGSEND = YES;
				GCC_C_LANGUAGE_STANDARD = gnu99;
				GCC_NO_COMMON_BLOCKS = YES;
				GCC_WARN_64_TO_32_BIT_CONVERSION = YES;
				GCC_WARN_ABOUT_RETURN_TYPE = YES_ERROR;
				GCC_WARN_UNDECLARED_SELECTOR = YES;
				GCC_WARN_UNINITIALIZED_AUTOS = YES_AGGRESSIVE;
				GCC_WARN_UNUSED_FUNCTION = YES;
				GCC_WARN_UNUSED_VARIABLE = YES;
				IPHONEOS_DEPLOYMENT_TARGET = 9.0;
				MTL_ENABLE_DEBUG_INFO = NO;
				SDKROOT = iphoneos;
				TARGETED_DEVICE_FAMILY = "1,2";
				VALIDATE_PRODUCT = YES;
			};
			name = Release;
		};
		EB252ADF1CE380A500A1A8B5 /* Debug */ = {
			isa = XCBuildConfiguration;
			buildSettings = {
				ASSETCATALOG_COMPILER_APPICON_NAME = AppIcon;
				INFOPLIST_FILE = Calculator/Info.plist;
				LD_RUNPATH_SEARCH_PATHS = "$(inherited) @executable_path/Frameworks";
				PRODUCT_BUNDLE_IDENTIFIER = co.lingren.apps.Calculator;
				PRODUCT_NAME = "$(TARGET_NAME)";
			};
			name = Debug;
		};
		EB252AE01CE380A500A1A8B5 /* Release */ = {
			isa = XCBuildConfiguration;
			buildSettings = {
				ASSETCATALOG_COMPILER_APPICON_NAME = AppIcon;
				INFOPLIST_FILE = Calculator/Info.plist;
				LD_RUNPATH_SEARCH_PATHS = "$(inherited) @executable_path/Frameworks";
				PRODUCT_BUNDLE_IDENTIFIER = co.lingren.apps.Calculator;
				PRODUCT_NAME = "$(TARGET_NAME)";
			};
			name = Release;
		};
/* End XCBuildConfiguration section */

/* Begin XCConfigurationList section */
		EB252AC71CE380A500A1A8B5 /* Build configuration list for PBXProject "Calculator" */ = {
			isa = XCConfigurationList;
			buildConfigurations = (
				EB252ADC1CE380A500A1A8B5 /* Debug */,
				EB252ADD1CE380A500A1A8B5 /* Release */,
			);
			defaultConfigurationIsVisible = 0;
			defaultConfigurationName = Release;
		};
		EB252ADE1CE380A500A1A8B5 /* Build configuration list for PBXNativeTarget "Calculator" */ = {
			isa = XCConfigurationList;
			buildConfigurations = (
				EB252ADF1CE380A500A1A8B5 /* Debug */,
				EB252AE01CE380A500A1A8B5 /* Release */,
			);
			defaultConfigurationIsVisible = 0;
			defaultConfigurationName = Release;
		};
/* End XCConfigurationList section */
	};
	rootObject = EB252AC41CE380A500A1A8B5 /* Project object */;
}
