// !$*UTF8*$!
{
	archiveVersion = 1;
	classes = {
	};
	objectVersion = 46;
	objects = {

/* Begin PBXBuildFile section */
		2FFC66FA8F702472CFF8A08D /* Pods_firebasedemo.framework in Frameworks */ = {isa = PBXBuildFile; fileRef = 16CBA05A4D03D5E9D43608C2 /* Pods_firebasedemo.framework */; };
		EBB3D2E11CF33F370012EF07 /* AppDelegate.swift in Sources */ = {isa = PBXBuildFile; fileRef = EBB3D2E01CF33F370012EF07 /* AppDelegate.swift */; };
		EBB3D2E31CF33F370012EF07 /* ViewController.swift in Sources */ = {isa = PBXBuildFile; fileRef = EBB3D2E21CF33F370012EF07 /* ViewController.swift */; };
		EBB3D2E61CF33F370012EF07 /* Main.storyboard in Resources */ = {isa = PBXBuildFile; fileRef = EBB3D2E41CF33F370012EF07 /* Main.storyboard */; };
		EBB3D2E81CF33F370012EF07 /* Assets.xcassets in Resources */ = {isa = PBXBuildFile; fileRef = EBB3D2E71CF33F370012EF07 /* Assets.xcassets */; };
		EBB3D2EB1CF33F370012EF07 /* LaunchScreen.storyboard in Resources */ = {isa = PBXBuildFile; fileRef = EBB3D2E91CF33F370012EF07 /* LaunchScreen.storyboard */; };
		EBB3D2F31CF33FA80012EF07 /* GoogleService-Info.plist in Resources */ = {isa = PBXBuildFile; fileRef = EBB3D2F21CF33FA80012EF07 /* GoogleService-Info.plist */; settings = {ASSET_TAGS = (); }; };
/* End PBXBuildFile section */

/* Begin PBXFileReference section */
		158072C8DDFD2AF5E0E9DF21 /* Pods-firebasedemo.release.xcconfig */ = {isa = PBXFileReference; includeInIndex = 1; lastKnownFileType = text.xcconfig; name = "Pods-firebasedemo.release.xcconfig"; path = "Pods/Target Support Files/Pods-firebasedemo/Pods-firebasedemo.release.xcconfig"; sourceTree = "<group>"; };
		16CBA05A4D03D5E9D43608C2 /* Pods_firebasedemo.framework */ = {isa = PBXFileReference; explicitFileType = wrapper.framework; includeInIndex = 0; path = Pods_firebasedemo.framework; sourceTree = BUILT_PRODUCTS_DIR; };
		EBB3D2DD1CF33F370012EF07 /* firebasedemo.app */ = {isa = PBXFileReference; explicitFileType = wrapper.application; includeInIndex = 0; path = firebasedemo.app; sourceTree = BUILT_PRODUCTS_DIR; };
		EBB3D2E01CF33F370012EF07 /* AppDelegate.swift */ = {isa = PBXFileReference; lastKnownFileType = sourcecode.swift; path = AppDelegate.swift; sourceTree = "<group>"; };
		EBB3D2E21CF33F370012EF07 /* ViewController.swift */ = {isa = PBXFileReference; lastKnownFileType = sourcecode.swift; path = ViewController.swift; sourceTree = "<group>"; };
		EBB3D2E51CF33F370012EF07 /* Base */ = {isa = PBXFileReference; lastKnownFileType = file.storyboard; name = Base; path = Base.lproj/Main.storyboard; sourceTree = "<group>"; };
		EBB3D2E71CF33F370012EF07 /* Assets.xcassets */ = {isa = PBXFileReference; lastKnownFileType = folder.assetcatalog; path = Assets.xcassets; sourceTree = "<group>"; };
		EBB3D2EA1CF33F370012EF07 /* Base */ = {isa = PBXFileReference; lastKnownFileType = file.storyboard; name = Base; path = Base.lproj/LaunchScreen.storyboard; sourceTree = "<group>"; };
		EBB3D2EC1CF33F370012EF07 /* Info.plist */ = {isa = PBXFileReference; lastKnownFileType = text.plist.xml; path = Info.plist; sourceTree = "<group>"; };
		EBB3D2F21CF33FA80012EF07 /* GoogleService-Info.plist */ = {isa = PBXFileReference; fileEncoding = 4; lastKnownFileType = text.plist.xml; path = "GoogleService-Info.plist"; sourceTree = "<group>"; };
		FB4B8B75C7290B506EBC7CAC /* Pods-firebasedemo.debug.xcconfig */ = {isa = PBXFileReference; includeInIndex = 1; lastKnownFileType = text.xcconfig; name = "Pods-firebasedemo.debug.xcconfig"; path = "Pods/Target Support Files/Pods-firebasedemo/Pods-firebasedemo.debug.xcconfig"; sourceTree = "<group>"; };
/* End PBXFileReference section */

/* Begin PBXFrameworksBuildPhase section */
		EBB3D2DA1CF33F370012EF07 /* Frameworks */ = {
			isa = PBXFrameworksBuildPhase;
			buildActionMask = 2147483647;
			files = (
				2FFC66FA8F702472CFF8A08D /* Pods_firebasedemo.framework in Frameworks */,
			);
			runOnlyForDeploymentPostprocessing = 0;
		};
/* End PBXFrameworksBuildPhase section */

/* Begin PBXGroup section */
		3343F85D4C229CC336972581 /* Pods */ = {
			isa = PBXGroup;
			children = (
				FB4B8B75C7290B506EBC7CAC /* Pods-firebasedemo.debug.xcconfig */,
				158072C8DDFD2AF5E0E9DF21 /* Pods-firebasedemo.release.xcconfig */,
			);
			name = Pods;
			sourceTree = "<group>";
		};
		782ACA22E8B5128AB3049EB2 /* Frameworks */ = {
			isa = PBXGroup;
			children = (
				16CBA05A4D03D5E9D43608C2 /* Pods_firebasedemo.framework */,
			);
			name = Frameworks;
			sourceTree = "<group>";
		};
		EBB3D2D41CF33F370012EF07 = {
			isa = PBXGroup;
			children = (
				EBB3D2DF1CF33F370012EF07 /* firebasedemo */,
				EBB3D2DE1CF33F370012EF07 /* Products */,
				3343F85D4C229CC336972581 /* Pods */,
				782ACA22E8B5128AB3049EB2 /* Frameworks */,
			);
			sourceTree = "<group>";
		};
		EBB3D2DE1CF33F370012EF07 /* Products */ = {
			isa = PBXGroup;
			children = (
				EBB3D2DD1CF33F370012EF07 /* firebasedemo.app */,
			);
			name = Products;
			sourceTree = "<group>";
		};
		EBB3D2DF1CF33F370012EF07 /* firebasedemo */ = {
			isa = PBXGroup;
			children = (
				EBB3D2E01CF33F370012EF07 /* AppDelegate.swift */,
				EBB3D2E21CF33F370012EF07 /* ViewController.swift */,
				EBB3D2E41CF33F370012EF07 /* Main.storyboard */,
				EBB3D2E71CF33F370012EF07 /* Assets.xcassets */,
				EBB3D2E91CF33F370012EF07 /* LaunchScreen.storyboard */,
				EBB3D2EC1CF33F370012EF07 /* Info.plist */,
				EBB3D2F21CF33FA80012EF07 /* GoogleService-Info.plist */,
			);
			path = firebasedemo;
			sourceTree = "<group>";
		};
/* End PBXGroup section */

/* Begin PBXNativeTarget section */
		EBB3D2DC1CF33F370012EF07 /* firebasedemo */ = {
			isa = PBXNativeTarget;
			buildConfigurationList = EBB3D2EF1CF33F370012EF07 /* Build configuration list for PBXNativeTarget "firebasedemo" */;
			buildPhases = (
				210F50005613123F369DA3CD /* 📦 Check Pods Manifest.lock */,
				EBB3D2D91CF33F370012EF07 /* Sources */,
				EBB3D2DA1CF33F370012EF07 /* Frameworks */,
				EBB3D2DB1CF33F370012EF07 /* Resources */,
				F71E4E8700C08976D1ACE53D /* 📦 Embed Pods Frameworks */,
				F21A8F66B2E7CA10B0DBB191 /* 📦 Copy Pods Resources */,
			);
			buildRules = (
			);
			dependencies = (
			);
			name = firebasedemo;
			productName = firebasedemo;
			productReference = EBB3D2DD1CF33F370012EF07 /* firebasedemo.app */;
			productType = "com.apple.product-type.application";
		};
/* End PBXNativeTarget section */

/* Begin PBXProject section */
		EBB3D2D51CF33F370012EF07 /* Project object */ = {
			isa = PBXProject;
			attributes = {
				LastUpgradeCheck = 0700;
				ORGANIZATIONNAME = apps.lingren.co;
				TargetAttributes = {
					EBB3D2DC1CF33F370012EF07 = {
						CreatedOnToolsVersion = 7.0;
					};
				};
			};
			buildConfigurationList = EBB3D2D81CF33F370012EF07 /* Build configuration list for PBXProject "firebasedemo" */;
			compatibilityVersion = "Xcode 3.2";
			developmentRegion = English;
			hasScannedForEncodings = 0;
			knownRegions = (
				en,
				Base,
			);
			mainGroup = EBB3D2D41CF33F370012EF07;
			productRefGroup = EBB3D2DE1CF33F370012EF07 /* Products */;
			projectDirPath = "";
			projectRoot = "";
			targets = (
				EBB3D2DC1CF33F370012EF07 /* firebasedemo */,
			);
		};
/* End PBXProject section */

/* Begin PBXResourcesBuildPhase section */
		EBB3D2DB1CF33F370012EF07 /* Resources */ = {
			isa = PBXResourcesBuildPhase;
			buildActionMask = 2147483647;
			files = (
				EBB3D2EB1CF33F370012EF07 /* LaunchScreen.storyboard in Resources */,
				EBB3D2F31CF33FA80012EF07 /* GoogleService-Info.plist in Resources */,
				EBB3D2E81CF33F370012EF07 /* Assets.xcassets in Resources */,
				EBB3D2E61CF33F370012EF07 /* Main.storyboard in Resources */,
			);
			runOnlyForDeploymentPostprocessing = 0;
		};
/* End PBXResourcesBuildPhase section */

/* Begin PBXShellScriptBuildPhase section */
		210F50005613123F369DA3CD /* 📦 Check Pods Manifest.lock */ = {
			isa = PBXShellScriptBuildPhase;
			buildActionMask = 2147483647;
			files = (
			);
			inputPaths = (
			);
			name = "📦 Check Pods Manifest.lock";
			outputPaths = (
			);
			runOnlyForDeploymentPostprocessing = 0;
			shellPath = /bin/sh;
			shellScript = "diff \"${PODS_ROOT}/../Podfile.lock\" \"${PODS_ROOT}/Manifest.lock\" > /dev/null\nif [[ $? != 0 ]] ; then\n    cat << EOM\nerror: The sandbox is not in sync with the Podfile.lock. Run 'pod install' or update your CocoaPods installation.\nEOM\n    exit 1\nfi\n";
			showEnvVarsInLog = 0;
		};
		F21A8F66B2E7CA10B0DBB191 /* 📦 Copy Pods Resources */ = {
			isa = PBXShellScriptBuildPhase;
			buildActionMask = 2147483647;
			files = (
			);
			inputPaths = (
			);
			name = "📦 Copy Pods Resources";
			outputPaths = (
			);
			runOnlyForDeploymentPostprocessing = 0;
			shellPath = /bin/sh;
			shellScript = "\"${SRCROOT}/Pods/Target Support Files/Pods-firebasedemo/Pods-firebasedemo-resources.sh\"\n";
			showEnvVarsInLog = 0;
		};
		F71E4E8700C08976D1ACE53D /* 📦 Embed Pods Frameworks */ = {
			isa = PBXShellScriptBuildPhase;
			buildActionMask = 2147483647;
			files = (
			);
			inputPaths = (
			);
			name = "📦 Embed Pods Frameworks";
			outputPaths = (
			);
			runOnlyForDeploymentPostprocessing = 0;
			shellPath = /bin/sh;
			shellScript = "\"${SRCROOT}/Pods/Target Support Files/Pods-firebasedemo/Pods-firebasedemo-frameworks.sh\"\n";
			showEnvVarsInLog = 0;
		};
/* End PBXShellScriptBuildPhase section */

/* Begin PBXSourcesBuildPhase section */
		EBB3D2D91CF33F370012EF07 /* Sources */ = {
			isa = PBXSourcesBuildPhase;
			buildActionMask = 2147483647;
			files = (
				EBB3D2E31CF33F370012EF07 /* ViewController.swift in Sources */,
				EBB3D2E11CF33F370012EF07 /* AppDelegate.swift in Sources */,
			);
			runOnlyForDeploymentPostprocessing = 0;
		};
/* End PBXSourcesBuildPhase section */

/* Begin PBXVariantGroup section */
		EBB3D2E41CF33F370012EF07 /* Main.storyboard */ = {
			isa = PBXVariantGroup;
			children = (
				EBB3D2E51CF33F370012EF07 /* Base */,
			);
			name = Main.storyboard;
			sourceTree = "<group>";
		};
		EBB3D2E91CF33F370012EF07 /* LaunchScreen.storyboard */ = {
			isa = PBXVariantGroup;
			children = (
				EBB3D2EA1CF33F370012EF07 /* Base */,
			);
			name = LaunchScreen.storyboard;
			sourceTree = "<group>";
		};
/* End PBXVariantGroup section */

/* Begin XCBuildConfiguration section */
		EBB3D2ED1CF33F370012EF07 /* Debug */ = {
			isa = XCBuildConfiguration;
			buildSettings = {
				ALWAYS_SEARCH_USER_PATHS = NO;
				CLANG_CXX_LANGUAGE_STANDARD = "gnu++0x";
				CLANG_CXX_LIBRARY = "libc++";
				CLANG_ENABLE_MODULES = YES;
				CLANG_ENABLE_OBJC_ARC = YES;
				CLANG_WARN_BOOL_CONVERSION = YES;
				CLANG_WARN_CONSTANT_CONVERSION = YES;
				CLANG_WARN_DIRECT_OBJC_ISA_USAGE = YES_ERROR;
				CLANG_WARN_EMPTY_BODY = YES;
				CLANG_WARN_ENUM_CONVERSION = YES;
				CLANG_WARN_INT_CONVERSION = YES;
				CLANG_WARN_OBJC_ROOT_CLASS = YES_ERROR;
				CLANG_WARN_UNREACHABLE_CODE = YES;
				CLANG_WARN__DUPLICATE_METHOD_MATCH = YES;
				"CODE_SIGN_IDENTITY[sdk=iphoneos*]" = "iPhone Developer";
				COPY_PHASE_STRIP = NO;
				DEBUG_INFORMATION_FORMAT = dwarf;
				ENABLE_STRICT_OBJC_MSGSEND = YES;
				ENABLE_TESTABILITY = YES;
				GCC_C_LANGUAGE_STANDARD = gnu99;
				GCC_DYNAMIC_NO_PIC = NO;
				GCC_NO_COMMON_BLOCKS = YES;
				GCC_OPTIMIZATION_LEVEL = 0;
				GCC_PREPROCESSOR_DEFINITIONS = (
					"DEBUG=1",
					"$(inherited)",
				);
				GCC_WARN_64_TO_32_BIT_CONVERSION = YES;
				GCC_WARN_ABOUT_RETURN_TYPE = YES_ERROR;
				GCC_WARN_UNDECLARED_SELECTOR = YES;
				GCC_WARN_UNINITIALIZED_AUTOS = YES_AGGRESSIVE;
				GCC_WARN_UNUSED_FUNCTION = YES;
				GCC_WARN_UNUSED_VARIABLE = YES;
				IPHONEOS_DEPLOYMENT_TARGET = 9.0;
				MTL_ENABLE_DEBUG_INFO = YES;
				ONLY_ACTIVE_ARCH = YES;
				SDKROOT = iphoneos;
				SWIFT_OPTIMIZATION_LEVEL = "-Onone";
				TARGETED_DEVICE_FAMILY = "1,2";
			};
			name = Debug;
		};
		EBB3D2EE1CF33F370012EF07 /* Release */ = {
			isa = XCBuildConfiguration;
			buildSettings = {
				ALWAYS_SEARCH_USER_PATHS = NO;
				CLANG_CXX_LANGUAGE_STANDARD = "gnu++0x";
				CLANG_CXX_LIBRARY = "libc++";
				CLANG_ENABLE_MODULES = YES;
				CLANG_ENABLE_OBJC_ARC = YES;
				CLANG_WARN_BOOL_CONVERSION = YES;
				CLANG_WARN_CONSTANT_CONVERSION = YES;
				CLANG_WARN_DIRECT_OBJC_ISA_USAGE = YES_ERROR;
				CLANG_WARN_EMPTY_BODY = YES;
				CLANG_WARN_ENUM_CONVERSION = YES;
				CLANG_WARN_INT_CONVERSION = YES;
				CLANG_WARN_OBJC_ROOT_CLASS = YES_ERROR;
				CLANG_WARN_UNREACHABLE_CODE = YES;
				CLANG_WARN__DUPLICATE_METHOD_MATCH = YES;
				"CODE_SIGN_IDENTITY[sdk=iphoneos*]" = "iPhone Developer";
				COPY_PHASE_STRIP = NO;
				DEBUG_INFORMATION_FORMAT = "dwarf-with-dsym";
				ENABLE_NS_ASSERTIONS = NO;
				ENABLE_STRICT_OBJC_MSGSEND = YES;
				GCC_C_LANGUAGE_STANDARD = gnu99;
				GCC_NO_COMMON_BLOCKS = YES;
				GCC_WARN_64_TO_32_BIT_CONVERSION = YES;
				GCC_WARN_ABOUT_RETURN_TYPE = YES_ERROR;
				GCC_WARN_UNDECLARED_SELECTOR = YES;
				GCC_WARN_UNINITIALIZED_AUTOS = YES_AGGRESSIVE;
				GCC_WARN_UNUSED_FUNCTION = YES;
				GCC_WARN_UNUSED_VARIABLE = YES;
				IPHONEOS_DEPLOYMENT_TARGET = 9.0;
				MTL_ENABLE_DEBUG_INFO = NO;
				SDKROOT = iphoneos;
				TARGETED_DEVICE_FAMILY = "1,2";
				VALIDATE_PRODUCT = YES;
			};
			name = Release;
		};
		EBB3D2F01CF33F370012EF07 /* Debug */ = {
			isa = XCBuildConfiguration;
			baseConfigurationReference = FB4B8B75C7290B506EBC7CAC /* Pods-firebasedemo.debug.xcconfig */;
			buildSettings = {
				ASSETCATALOG_COMPILER_APPICON_NAME = AppIcon;
				INFOPLIST_FILE = firebasedemo/Info.plist;
				LD_RUNPATH_SEARCH_PATHS = "$(inherited) @executable_path/Frameworks";
				PRODUCT_BUNDLE_IDENTIFIER = co.lingren.apps.firebasedemo;
				PRODUCT_NAME = "$(TARGET_NAME)";
			};
			name = Debug;
		};
		EBB3D2F11CF33F370012EF07 /* Release */ = {
			isa = XCBuildConfiguration;
			baseConfigurationReference = 158072C8DDFD2AF5E0E9DF21 /* Pods-firebasedemo.release.xcconfig */;
			buildSettings = {
				ASSETCATALOG_COMPILER_APPICON_NAME = AppIcon;
				INFOPLIST_FILE = firebasedemo/Info.plist;
				LD_RUNPATH_SEARCH_PATHS = "$(inherited) @executable_path/Frameworks";
				PRODUCT_BUNDLE_IDENTIFIER = co.lingren.apps.firebasedemo;
				PRODUCT_NAME = "$(TARGET_NAME)";
			};
			name = Release;
		};
/* End XCBuildConfiguration section */

/* Begin XCConfigurationList section */
		EBB3D2D81CF33F370012EF07 /* Build configuration list for PBXProject "firebasedemo" */ = {
			isa = XCConfigurationList;
			buildConfigurations = (
				EBB3D2ED1CF33F370012EF07 /* Debug */,
				EBB3D2EE1CF33F370012EF07 /* Release */,
			);
			defaultConfigurationIsVisible = 0;
			defaultConfigurationName = Release;
		};
		EBB3D2EF1CF33F370012EF07 /* Build configuration list for PBXNativeTarget "firebasedemo" */ = {
			isa = XCConfigurationList;
			buildConfigurations = (
				EBB3D2F01CF33F370012EF07 /* Debug */,
				EBB3D2F11CF33F370012EF07 /* Release */,
			);
			defaultConfigurationIsVisible = 0;
			defaultConfigurationName = Release;
		};
/* End XCConfigurationList section */
	};
	rootObject = EBB3D2D51CF33F370012EF07 /* Project object */;
}
