// !$*UTF8*$!
{
	archiveVersion = 1;
	classes = {
	};
	objectVersion = 46;
	objects = {

/* Begin PBXBuildFile section */
		EB9927751CEDF1EA0056D6DF /* AppDelegate.swift in Sources */ = {isa = PBXBuildFile; fileRef = EB9927741CEDF1EA0056D6DF /* AppDelegate.swift */; };
		EB99277A1CEDF1EA0056D6DF /* Main.storyboard in Resources */ = {isa = PBXBuildFile; fileRef = EB9927781CEDF1EA0056D6DF /* Main.storyboard */; };
		EB99277D1CEDF1EA0056D6DF /* tasks.xcdatamodeld in Sources */ = {isa = PBXBuildFile; fileRef = EB99277B1CEDF1EA0056D6DF /* tasks.xcdatamodeld */; };
		EB99277F1CEDF1EA0056D6DF /* Assets.xcassets in Resources */ = {isa = PBXBuildFile; fileRef = EB99277E1CEDF1EA0056D6DF /* Assets.xcassets */; };
		EB9927821CEDF1EA0056D6DF /* LaunchScreen.storyboard in Resources */ = {isa = PBXBuildFile; fileRef = EB9927801CEDF1EA0056D6DF /* LaunchScreen.storyboard */; };
		EB99278C1CEDF6E30056D6DF /* DataManager.swift in Sources */ = {isa = PBXBuildFile; fileRef = EB99278B1CEDF6E30056D6DF /* DataManager.swift */; settings = {ASSET_TAGS = (); }; };
		EB99278E1CEDFBC10056D6DF /* TableView.swift in Sources */ = {isa = PBXBuildFile; fileRef = EB99278D1CEDFBC10056D6DF /* TableView.swift */; settings = {ASSET_TAGS = (); }; };
		EB9927901CEDFBD10056D6DF /* DetailsViewController.swift in Sources */ = {isa = PBXBuildFile; fileRef = EB99278F1CEDFBD10056D6DF /* DetailsViewController.swift */; settings = {ASSET_TAGS = (); }; };
		EB9927921CEDFBD90056D6DF /* EditViewController.swift in Sources */ = {isa = PBXBuildFile; fileRef = EB9927911CEDFBD90056D6DF /* EditViewController.swift */; settings = {ASSET_TAGS = (); }; };
/* End PBXBuildFile section */

/* Begin PBXFileReference section */
		EB9927711CEDF1EA0056D6DF /* tasks.app */ = {isa = PBXFileReference; explicitFileType = wrapper.application; includeInIndex = 0; path = tasks.app; sourceTree = BUILT_PRODUCTS_DIR; };
		EB9927741CEDF1EA0056D6DF /* AppDelegate.swift */ = {isa = PBXFileReference; lastKnownFileType = sourcecode.swift; path = AppDelegate.swift; sourceTree = "<group>"; };
		EB9927791CEDF1EA0056D6DF /* Base */ = {isa = PBXFileReference; lastKnownFileType = file.storyboard; name = Base; path = Base.lproj/Main.storyboard; sourceTree = "<group>"; };
		EB99277C1CEDF1EA0056D6DF /* tasks.xcdatamodel */ = {isa = PBXFileReference; lastKnownFileType = wrapper.xcdatamodel; path = tasks.xcdatamodel; sourceTree = "<group>"; };
		EB99277E1CEDF1EA0056D6DF /* Assets.xcassets */ = {isa = PBXFileReference; lastKnownFileType = folder.assetcatalog; path = Assets.xcassets; sourceTree = "<group>"; };
		EB9927811CEDF1EA0056D6DF /* Base */ = {isa = PBXFileReference; lastKnownFileType = file.storyboard; name = Base; path = Base.lproj/LaunchScreen.storyboard; sourceTree = "<group>"; };
		EB9927831CEDF1EA0056D6DF /* Info.plist */ = {isa = PBXFileReference; lastKnownFileType = text.plist.xml; path = Info.plist; sourceTree = "<group>"; };
		EB99278B1CEDF6E30056D6DF /* DataManager.swift */ = {isa = PBXFileReference; fileEncoding = 4; lastKnownFileType = sourcecode.swift; path = DataManager.swift; sourceTree = "<group>"; };
		EB99278D1CEDFBC10056D6DF /* TableView.swift */ = {isa = PBXFileReference; fileEncoding = 4; lastKnownFileType = sourcecode.swift; path = TableView.swift; sourceTree = "<group>"; };
		EB99278F1CEDFBD10056D6DF /* DetailsViewController.swift */ = {isa = PBXFileReference; fileEncoding = 4; lastKnownFileType = sourcecode.swift; path = DetailsViewController.swift; sourceTree = "<group>"; };
		EB9927911CEDFBD90056D6DF /* EditViewController.swift */ = {isa = PBXFileReference; fileEncoding = 4; lastKnownFileType = sourcecode.swift; path = EditViewController.swift; sourceTree = "<group>"; };
/* End PBXFileReference section */

/* Begin PBXFrameworksBuildPhase section */
		EB99276E1CEDF1EA0056D6DF /* Frameworks */ = {
			isa = PBXFrameworksBuildPhase;
			buildActionMask = 2147483647;
			files = (
			);
			runOnlyForDeploymentPostprocessing = 0;
		};
/* End PBXFrameworksBuildPhase section */

/* Begin PBXGroup section */
		EB9927681CEDF1E90056D6DF = {
			isa = PBXGroup;
			children = (
				EB9927731CEDF1EA0056D6DF /* tasks */,
				EB9927721CEDF1EA0056D6DF /* Products */,
			);
			sourceTree = "<group>";
		};
		EB9927721CEDF1EA0056D6DF /* Products */ = {
			isa = PBXGroup;
			children = (
				EB9927711CEDF1EA0056D6DF /* tasks.app */,
			);
			name = Products;
			sourceTree = "<group>";
		};
		EB9927731CEDF1EA0056D6DF /* tasks */ = {
			isa = PBXGroup;
			children = (
				EB9927891CEDF2570056D6DF /* Classes */,
				EB99278A1CEDF25E0056D6DF /* Data */,
				EB9927781CEDF1EA0056D6DF /* Main.storyboard */,
				EB9927741CEDF1EA0056D6DF /* AppDelegate.swift */,
				EB99277E1CEDF1EA0056D6DF /* Assets.xcassets */,
				EB9927801CEDF1EA0056D6DF /* LaunchScreen.storyboard */,
				EB9927831CEDF1EA0056D6DF /* Info.plist */,
			);
			path = tasks;
			sourceTree = "<group>";
		};
		EB9927891CEDF2570056D6DF /* Classes */ = {
			isa = PBXGroup;
			children = (
				EB99278B1CEDF6E30056D6DF /* DataManager.swift */,
				EB99278D1CEDFBC10056D6DF /* TableView.swift */,
				EB99278F1CEDFBD10056D6DF /* DetailsViewController.swift */,
				EB9927911CEDFBD90056D6DF /* EditViewController.swift */,
			);
			name = Classes;
			sourceTree = "<group>";
		};
		EB99278A1CEDF25E0056D6DF /* Data */ = {
			isa = PBXGroup;
			children = (
				EB99277B1CEDF1EA0056D6DF /* tasks.xcdatamodeld */,
			);
			name = Data;
			sourceTree = "<group>";
		};
/* End PBXGroup section */

/* Begin PBXNativeTarget section */
		EB9927701CEDF1EA0056D6DF /* tasks */ = {
			isa = PBXNativeTarget;
			buildConfigurationList = EB9927861CEDF1EA0056D6DF /* Build configuration list for PBXNativeTarget "tasks" */;
			buildPhases = (
				EB99276D1CEDF1EA0056D6DF /* Sources */,
				EB99276E1CEDF1EA0056D6DF /* Frameworks */,
				EB99276F1CEDF1EA0056D6DF /* Resources */,
			);
			buildRules = (
			);
			dependencies = (
			);
			name = tasks;
			productName = tasks;
			productReference = EB9927711CEDF1EA0056D6DF /* tasks.app */;
			productType = "com.apple.product-type.application";
		};
/* End PBXNativeTarget section */

/* Begin PBXProject section */
		EB9927691CEDF1E90056D6DF /* Project object */ = {
			isa = PBXProject;
			attributes = {
				LastUpgradeCheck = 0700;
				ORGANIZATIONNAME = apps.lingren.co;
				TargetAttributes = {
					EB9927701CEDF1EA0056D6DF = {
						CreatedOnToolsVersion = 7.0;
					};
				};
			};
			buildConfigurationList = EB99276C1CEDF1E90056D6DF /* Build configuration list for PBXProject "tasks" */;
			compatibilityVersion = "Xcode 3.2";
			developmentRegion = English;
			hasScannedForEncodings = 0;
			knownRegions = (
				en,
				Base,
			);
			mainGroup = EB9927681CEDF1E90056D6DF;
			productRefGroup = EB9927721CEDF1EA0056D6DF /* Products */;
			projectDirPath = "";
			projectRoot = "";
			targets = (
				EB9927701CEDF1EA0056D6DF /* tasks */,
			);
		};
/* End PBXProject section */

/* Begin PBXResourcesBuildPhase section */
		EB99276F1CEDF1EA0056D6DF /* Resources */ = {
			isa = PBXResourcesBuildPhase;
			buildActionMask = 2147483647;
			files = (
				EB9927821CEDF1EA0056D6DF /* LaunchScreen.storyboard in Resources */,
				EB99277F1CEDF1EA0056D6DF /* Assets.xcassets in Resources */,
				EB99277A1CEDF1EA0056D6DF /* Main.storyboard in Resources */,
			);
			runOnlyForDeploymentPostprocessing = 0;
		};
/* End PBXResourcesBuildPhase section */

/* Begin PBXSourcesBuildPhase section */
		EB99276D1CEDF1EA0056D6DF /* Sources */ = {
			isa = PBXSourcesBuildPhase;
			buildActionMask = 2147483647;
			files = (
				EB9927751CEDF1EA0056D6DF /* AppDelegate.swift in Sources */,
				EB99278E1CEDFBC10056D6DF /* TableView.swift in Sources */,
				EB9927921CEDFBD90056D6DF /* EditViewController.swift in Sources */,
				EB99278C1CEDF6E30056D6DF /* DataManager.swift in Sources */,
				EB99277D1CEDF1EA0056D6DF /* tasks.xcdatamodeld in Sources */,
				EB9927901CEDFBD10056D6DF /* DetailsViewController.swift in Sources */,
			);
			runOnlyForDeploymentPostprocessing = 0;
		};
/* End PBXSourcesBuildPhase section */

/* Begin PBXVariantGroup section */
		EB9927781CEDF1EA0056D6DF /* Main.storyboard */ = {
			isa = PBXVariantGroup;
			children = (
				EB9927791CEDF1EA0056D6DF /* Base */,
			);
			name = Main.storyboard;
			sourceTree = "<group>";
		};
		EB9927801CEDF1EA0056D6DF /* LaunchScreen.storyboard */ = {
			isa = PBXVariantGroup;
			children = (
				EB9927811CEDF1EA0056D6DF /* Base */,
			);
			name = LaunchScreen.storyboard;
			sourceTree = "<group>";
		};
/* End PBXVariantGroup section */

/* Begin XCBuildConfiguration section */
		EB9927841CEDF1EA0056D6DF /* Debug */ = {
			isa = XCBuildConfiguration;
			buildSettings = {
				ALWAYS_SEARCH_USER_PATHS = NO;
				CLANG_CXX_LANGUAGE_STANDARD = "gnu++0x";
				CLANG_CXX_LIBRARY = "libc++";
				CLANG_ENABLE_MODULES = YES;
				CLANG_ENABLE_OBJC_ARC = YES;
				CLANG_WARN_BOOL_CONVERSION = YES;
				CLANG_WARN_CONSTANT_CONVERSION = YES;
				CLANG_WARN_DIRECT_OBJC_ISA_USAGE = YES_ERROR;
				CLANG_WARN_EMPTY_BODY = YES;
				CLANG_WARN_ENUM_CONVERSION = YES;
				CLANG_WARN_INT_CONVERSION = YES;
				CLANG_WARN_OBJC_ROOT_CLASS = YES_ERROR;
				CLANG_WARN_UNREACHABLE_CODE = YES;
				CLANG_WARN__DUPLICATE_METHOD_MATCH = YES;
				"CODE_SIGN_IDENTITY[sdk=iphoneos*]" = "iPhone Developer";
				COPY_PHASE_STRIP = NO;
				DEBUG_INFORMATION_FORMAT = dwarf;
				ENABLE_STRICT_OBJC_MSGSEND = YES;
				ENABLE_TESTABILITY = YES;
				GCC_C_LANGUAGE_STANDARD = gnu99;
				GCC_DYNAMIC_NO_PIC = NO;
				GCC_NO_COMMON_BLOCKS = YES;
				GCC_OPTIMIZATION_LEVEL = 0;
				GCC_PREPROCESSOR_DEFINITIONS = (
					"DEBUG=1",
					"$(inherited)",
				);
				GCC_WARN_64_TO_32_BIT_CONVERSION = YES;
				GCC_WARN_ABOUT_RETURN_TYPE = YES_ERROR;
				GCC_WARN_UNDECLARED_SELECTOR = YES;
				GCC_WARN_UNINITIALIZED_AUTOS = YES_AGGRESSIVE;
				GCC_WARN_UNUSED_FUNCTION = YES;
				GCC_WARN_UNUSED_VARIABLE = YES;
				IPHONEOS_DEPLOYMENT_TARGET = 9.0;
				MTL_ENABLE_DEBUG_INFO = YES;
				ONLY_ACTIVE_ARCH = YES;
				SDKROOT = iphoneos;
				SWIFT_OPTIMIZATION_LEVEL = "-Onone";
				TARGETED_DEVICE_FAMILY = "1,2";
			};
			name = Debug;
		};
		EB9927851CEDF1EA0056D6DF /* Release */ = {
			isa = XCBuildConfiguration;
			buildSettings = {
				ALWAYS_SEARCH_USER_PATHS = NO;
				CLANG_CXX_LANGUAGE_STANDARD = "gnu++0x";
				CLANG_CXX_LIBRARY = "libc++";
				CLANG_ENABLE_MODULES = YES;
				CLANG_ENABLE_OBJC_ARC = YES;
				CLANG_WARN_BOOL_CONVERSION = YES;
				CLANG_WARN_CONSTANT_CONVERSION = YES;
				CLANG_WARN_DIRECT_OBJC_ISA_USAGE = YES_ERROR;
				CLANG_WARN_EMPTY_BODY = YES;
				CLANG_WARN_ENUM_CONVERSION = YES;
				CLANG_WARN_INT_CONVERSION = YES;
				CLANG_WARN_OBJC_ROOT_CLASS = YES_ERROR;
				CLANG_WARN_UNREACHABLE_CODE = YES;
				CLANG_WARN__DUPLICATE_METHOD_MATCH = YES;
				"CODE_SIGN_IDENTITY[sdk=iphoneos*]" = "iPhone Developer";
				COPY_PHASE_STRIP = NO;
				DEBUG_INFORMATION_FORMAT = "dwarf-with-dsym";
				ENABLE_NS_ASSERTIONS = NO;
				ENABLE_STRICT_OBJC_MSGSEND = YES;
				GCC_C_LANGUAGE_STANDARD = gnu99;
				GCC_NO_COMMON_BLOCKS = YES;
				GCC_WARN_64_TO_32_BIT_CONVERSION = YES;
				GCC_WARN_ABOUT_RETURN_TYPE = YES_ERROR;
				GCC_WARN_UNDECLARED_SELECTOR = YES;
				GCC_WARN_UNINITIALIZED_AUTOS = YES_AGGRESSIVE;
				GCC_WARN_UNUSED_FUNCTION = YES;
				GCC_WARN_UNUSED_VARIABLE = YES;
				IPHONEOS_DEPLOYMENT_TARGET = 9.0;
				MTL_ENABLE_DEBUG_INFO = NO;
				SDKROOT = iphoneos;
				TARGETED_DEVICE_FAMILY = "1,2";
				VALIDATE_PRODUCT = YES;
			};
			name = Release;
		};
		EB9927871CEDF1EA0056D6DF /* Debug */ = {
			isa = XCBuildConfiguration;
			buildSettings = {
				ASSETCATALOG_COMPILER_APPICON_NAME = AppIcon;
				INFOPLIST_FILE = tasks/Info.plist;
				LD_RUNPATH_SEARCH_PATHS = "$(inherited) @executable_path/Frameworks";
				PRODUCT_BUNDLE_IDENTIFIER = co.lingren.apps.tasks;
				PRODUCT_NAME = "$(TARGET_NAME)";
			};
			name = Debug;
		};
		EB9927881CEDF1EA0056D6DF /* Release */ = {
			isa = XCBuildConfiguration;
			buildSettings = {
				ASSETCATALOG_COMPILER_APPICON_NAME = AppIcon;
				INFOPLIST_FILE = tasks/Info.plist;
				LD_RUNPATH_SEARCH_PATHS = "$(inherited) @executable_path/Frameworks";
				PRODUCT_BUNDLE_IDENTIFIER = co.lingren.apps.tasks;
				PRODUCT_NAME = "$(TARGET_NAME)";
			};
			name = Release;
		};
/* End XCBuildConfiguration section */

/* Begin XCConfigurationList section */
		EB99276C1CEDF1E90056D6DF /* Build configuration list for PBXProject "tasks" */ = {
			isa = XCConfigurationList;
			buildConfigurations = (
				EB9927841CEDF1EA0056D6DF /* Debug */,
				EB9927851CEDF1EA0056D6DF /* Release */,
			);
			defaultConfigurationIsVisible = 0;
			defaultConfigurationName = Release;
		};
		EB9927861CEDF1EA0056D6DF /* Build configuration list for PBXNativeTarget "tasks" */ = {
			isa = XCConfigurationList;
			buildConfigurations = (
				EB9927871CEDF1EA0056D6DF /* Debug */,
				EB9927881CEDF1EA0056D6DF /* Release */,
			);
			defaultConfigurationIsVisible = 0;
		};
/* End XCConfigurationList section */

/* Begin XCVersionGroup section */
		EB99277B1CEDF1EA0056D6DF /* tasks.xcdatamodeld */ = {
			isa = XCVersionGroup;
			children = (
				EB99277C1CEDF1EA0056D6DF /* tasks.xcdatamodel */,
			);
			currentVersion = EB99277C1CEDF1EA0056D6DF /* tasks.xcdatamodel */;
			path = tasks.xcdatamodeld;
			sourceTree = "<group>";
			versionGroupType = wrapper.xcdatamodel;
		};
/* End XCVersionGroup section */
	};
	rootObject = EB9927691CEDF1E90056D6DF /* Project object */;
}
